
Microsoft Visual Studio Solution File, Format Version 10.00
# Visual Studio 2008
Project("{FAE04EC0-301F-11D3-BF4B-00C04F79EFBC}") = "NHibernate.Linq", "NHibernate.Linq\NHibernate.Linq.csproj", "{2CF9A83A-BC40-4485-A763-BFF59B2EBDAD}"
EndProject
Project("{FAE04EC0-301F-11D3-BF4B-00C04F79EFBC}") = "NHibernate.Linq.Tests", "NHibernate.Linq.Tests\NHibernate.Linq.Tests.csproj", "{B09778CE-44FD-4BE2-AB1E-9AFDFACB8279}"
EndProject
Project("{FAE04EC0-301F-11D3-BF4B-00C04F79EFBC}") = "Northwind.Entities", "Northwind.Entities\Northwind.Entities.csproj", "{A99E0AEA-8FA5-4C32-9B0B-E84DC5AB30F4}"
EndProject
Global
	GlobalSection(SolutionConfigurationPlatforms) = preSolution
		Debug|Any CPU = Debug|Any CPU
		Release|Any CPU = Release|Any CPU
	EndGlobalSection
	GlobalSection(ProjectConfigurationPlatforms) = postSolution
		{2CF9A83A-BC40-4485-A763-BFF59B2EBDAD}.Debug|Any CPU.ActiveCfg = Debug|Any CPU
		{2CF9A83A-BC40-4485-A763-BFF59B2EBDAD}.Debug|Any CPU.Build.0 = Debug|Any CPU
		{2CF9A83A-BC40-4485-A763-BFF59B2EBDAD}.Release|Any CPU.ActiveCfg = Release|Any CPU
		{2CF9A83A-BC40-4485-A763-BFF59B2EBDAD}.Release|Any CPU.Build.0 = Release|Any CPU
		{B09778CE-44FD-4BE2-AB1E-9AFDFACB8279}.Debug|Any CPU.ActiveCfg = Debug|Any CPU
		{B09778CE-44FD-4BE2-AB1E-9AFDFACB8279}.Debug|Any CPU.Build.0 = Debug|Any CPU
		{B09778CE-44FD-4BE2-AB1E-9AFDFACB8279}.Release|Any CPU.ActiveCfg = Release|Any CPU
		{B09778CE-44FD-4BE2-AB1E-9AFDFACB8279}.Release|Any CPU.Build.0 = Release|Any CPU
		{A99E0AEA-8FA5-4C32-9B0B-E84DC5AB30F4}.Debug|Any CPU.ActiveCfg = Debug|Any CPU
		{A99E0AEA-8FA5-4C32-9B0B-E84DC5AB30F4}.Debug|Any CPU.Build.0 = Debug|Any CPU
		{A99E0AEA-8FA5-4C32-9B0B-E84DC5AB30F4}.Release|Any CPU.ActiveCfg = Release|Any CPU
		{A99E0AEA-8FA5-4C32-9B0B-E84DC5AB30F4}.Release|Any CPU.Build.0 = Release|Any CPU
	EndGlobalSection
	GlobalSection(SolutionProperties) = preSolution
		HideSolutionNode = FALSE
	EndGlobalSection
EndGlobal
